// !$*UTF8*$!
{
	archiveVersion = 1;
	classes = {
	};
	objectVersion = 46;
	objects = {

/* Begin PBXBuildFile section */
		C59E14C41FF29B2700EC7B7D /* NSData+BRAdd.m in Sources */ = {isa = PBXBuildFile; fileRef = C59E14C21FF29B2700EC7B7D /* NSData+BRAdd.m */; };
		C5ACE5541F452C4D0069978B /* main.m in Sources */ = {isa = PBXBuildFile; fileRef = C5ACE5531F452C4D0069978B /* main.m */; };
		C5ACE5571F452C4D0069978B /* AppDelegate.m in Sources */ = {isa = PBXBuildFile; fileRef = C5ACE5561F452C4D0069978B /* AppDelegate.m */; };
		C5ACE55A1F452C4D0069978B /* ViewController.m in Sources */ = {isa = PBXBuildFile; fileRef = C5ACE5591F452C4D0069978B /* ViewController.m */; };
		C5ACE55D1F452C4D0069978B /* Main.storyboard in Resources */ = {isa = PBXBuildFile; fileRef = C5ACE55B1F452C4D0069978B /* Main.storyboard */; };
		C5ACE55F1F452C4D0069978B /* Assets.xcassets in Resources */ = {isa = PBXBuildFile; fileRef = C5ACE55E1F452C4D0069978B /* Assets.xcassets */; };
		C5ACE5621F452C4D0069978B /* LaunchScreen.storyboard in Resources */ = {isa = PBXBuildFile; fileRef = C5ACE5601F452C4D0069978B /* LaunchScreen.storyboard */; };
		C5ACE56E1F452C9F0069978B /* BRCircleLayout.m in Sources */ = {isa = PBXBuildFile; fileRef = C5ACE56B1F452C9F0069978B /* BRCircleLayout.m */; };
		C5ACE56F1F452C9F0069978B /* BRCirclePickerView.m in Sources */ = {isa = PBXBuildFile; fileRef = C5ACE56D1F452C9F0069978B /* BRCirclePickerView.m */; };
/* End PBXBuildFile section */

/* Begin PBXFileReference section */
		C59E14C21FF29B2700EC7B7D /* NSData+BRAdd.m */ = {isa = PBXFileReference; lastKnownFileType = sourcecode.c.objc; path = "NSData+BRAdd.m"; sourceTree = "<group>"; };
		C59E14C31FF29B2700EC7B7D /* NSData+BRAdd.h */ = {isa = PBXFileReference; lastKnownFileType = sourcecode.c.h; path = "NSData+BRAdd.h"; sourceTree = "<group>"; };
		C5ACE54F1F452C4D0069978B /* BRCollectionViewDemo.app */ = {isa = PBXFileReference; explicitFileType = wrapper.application; includeInIndex = 0; path = BRCollectionViewDemo.app; sourceTree = BUILT_PRODUCTS_DIR; };
		C5ACE5531F452C4D0069978B /* main.m */ = {isa = PBXFileReference; lastKnownFileType = sourcecode.c.objc; path = main.m; sourceTree = "<group>"; };
		C5ACE5551F452C4D0069978B /* AppDelegate.h */ = {isa = PBXFileReference; lastKnownFileType = sourcecode.c.h; path = AppDelegate.h; sourceTree = "<group>"; };
		C5ACE5561F452C4D0069978B /* AppDelegate.m */ = {isa = PBXFileReference; lastKnownFileType = sourcecode.c.objc; path = AppDelegate.m; sourceTree = "<group>"; };
		C5ACE5581F452C4D0069978B /* ViewController.h */ = {isa = PBXFileReference; lastKnownFileType = sourcecode.c.h; path = ViewController.h; sourceTree = "<group>"; };
		C5ACE5591F452C4D0069978B /* ViewController.m */ = {isa = PBXFileReference; lastKnownFileType = sourcecode.c.objc; path = ViewController.m; sourceTree = "<group>"; };
		C5ACE55C1F452C4D0069978B /* Base */ = {isa = PBXFileReference; lastKnownFileType = file.storyboard; name = Base; path = Base.lproj/Main.storyboard; sourceTree = "<group>"; };
		C5ACE55E1F452C4D0069978B /* Assets.xcassets */ = {isa = PBXFileReference; lastKnownFileType = folder.assetcatalog; path = Assets.xcassets; sourceTree = "<group>"; };
		C5ACE5611F452C4D0069978B /* Base */ = {isa = PBXFileReference; lastKnownFileType = file.storyboard; name = Base; path = Base.lproj/LaunchScreen.storyboard; sourceTree = "<group>"; };
		C5ACE5631F452C4D0069978B /* Info.plist */ = {isa = PBXFileReference; lastKnownFileType = text.plist.xml; path = Info.plist; sourceTree = "<group>"; };
		C5ACE56A1F452C9F0069978B /* BRCircleLayout.h */ = {isa = PBXFileReference; fileEncoding = 4; lastKnownFileType = sourcecode.c.h; path = BRCircleLayout.h; sourceTree = "<group>"; };
		C5ACE56B1F452C9F0069978B /* BRCircleLayout.m */ = {isa = PBXFileReference; fileEncoding = 4; lastKnownFileType = sourcecode.c.objc; path = BRCircleLayout.m; sourceTree = "<group>"; };
		C5ACE56C1F452C9F0069978B /* BRCirclePickerView.h */ = {isa = PBXFileReference; fileEncoding = 4; lastKnownFileType = sourcecode.c.h; path = BRCirclePickerView.h; sourceTree = "<group>"; };
		C5ACE56D1F452C9F0069978B /* BRCirclePickerView.m */ = {isa = PBXFileReference; fileEncoding = 4; lastKnownFileType = sourcecode.c.objc; path = BRCirclePickerView.m; sourceTree = "<group>"; };
		C5ACE5701F452CCE0069978B /* PrefixHeader.pch */ = {isa = PBXFileReference; lastKnownFileType = sourcecode.c.h; path = PrefixHeader.pch; sourceTree = "<group>"; };
/* End PBXFileReference section */

/* Begin PBXFrameworksBuildPhase section */
		C5ACE54C1F452C4D0069978B /* Frameworks */ = {
			isa = PBXFrameworksBuildPhase;
			buildActionMask = 2147483647;
			files = (
			);
			runOnlyForDeploymentPostprocessing = 0;
		};
/* End PBXFrameworksBuildPhase section */

/* Begin PBXGroup section */
		C5ACE5461F452C4D0069978B = {
			isa = PBXGroup;
			children = (
				C5ACE5511F452C4D0069978B /* BRCollectionViewDemo */,
				C5ACE5501F452C4D0069978B /* Products */,
			);
			sourceTree = "<group>";
		};
		C5ACE5501F452C4D0069978B /* Products */ = {
			isa = PBXGroup;
			children = (
				C5ACE54F1F452C4D0069978B /* BRCollectionViewDemo.app */,
			);
			name = Products;
			sourceTree = "<group>";
		};
		C5ACE5511F452C4D0069978B /* BRCollectionViewDemo */ = {
			isa = PBXGroup;
			children = (
				C5ACE5691F452C9F0069978B /* BRCirclePickerView */,
				C5ACE5551F452C4D0069978B /* AppDelegate.h */,
				C5ACE5561F452C4D0069978B /* AppDelegate.m */,
				C59E14C31FF29B2700EC7B7D /* NSData+BRAdd.h */,
				C59E14C21FF29B2700EC7B7D /* NSData+BRAdd.m */,
				C5ACE5581F452C4D0069978B /* ViewController.h */,
				C5ACE5591F452C4D0069978B /* ViewController.m */,
				C5ACE55B1F452C4D0069978B /* Main.storyboard */,
				C5ACE55E1F452C4D0069978B /* Assets.xcassets */,
				C5ACE5601F452C4D0069978B /* LaunchScreen.storyboard */,
				C5ACE5631F452C4D0069978B /* Info.plist */,
				C5ACE5521F452C4D0069978B /* Supporting Files */,
			);
			path = BRCollectionViewDemo;
			sourceTree = "<group>";
		};
		C5ACE5521F452C4D0069978B /* Supporting Files */ = {
			isa = PBXGroup;
			children = (
				C5ACE5701F452CCE0069978B /* PrefixHeader.pch */,
				C5ACE5531F452C4D0069978B /* main.m */,
			);
			name = "Supporting Files";
			sourceTree = "<group>";
		};
		C5ACE5691F452C9F0069978B /* BRCirclePickerView */ = {
			isa = PBXGroup;
			children = (
				C5ACE56A1F452C9F0069978B /* BRCircleLayout.h */,
				C5ACE56B1F452C9F0069978B /* BRCircleLayout.m */,
				C5ACE56C1F452C9F0069978B /* BRCirclePickerView.h */,
				C5ACE56D1F452C9F0069978B /* BRCirclePickerView.m */,
			);
			path = BRCirclePickerView;
			sourceTree = "<group>";
		};
/* End PBXGroup section */

/* Begin PBXNativeTarget section */
		C5ACE54E1F452C4D0069978B /* BRCollectionViewDemo */ = {
			isa = PBXNativeTarget;
			buildConfigurationList = C5ACE5661F452C4D0069978B /* Build configuration list for PBXNativeTarget "BRCollectionViewDemo" */;
			buildPhases = (
				C5ACE54B1F452C4D0069978B /* Sources */,
				C5ACE54C1F452C4D0069978B /* Frameworks */,
				C5ACE54D1F452C4D0069978B /* Resources */,
			);
			buildRules = (
			);
			dependencies = (
			);
			name = BRCollectionViewDemo;
			productName = BRCollectionViewDemo;
			productReference = C5ACE54F1F452C4D0069978B /* BRCollectionViewDemo.app */;
			productType = "com.apple.product-type.application";
		};
/* End PBXNativeTarget section */

/* Begin PBXProject section */
		C5ACE5471F452C4D0069978B /* Project object */ = {
			isa = PBXProject;
			attributes = {
				LastUpgradeCheck = 0830;
				ORGANIZATIONNAME = renb;
				TargetAttributes = {
					C5ACE54E1F452C4D0069978B = {
						CreatedOnToolsVersion = 8.3.2;
						ProvisioningStyle = Automatic;
					};
				};
			};
			buildConfigurationList = C5ACE54A1F452C4D0069978B /* Build configuration list for PBXProject "BRCollectionViewDemo" */;
			compatibilityVersion = "Xcode 3.2";
			developmentRegion = English;
			hasScannedForEncodings = 0;
			knownRegions = (
				en,
				Base,
			);
			mainGroup = C5ACE5461F452C4D0069978B;
			productRefGroup = C5ACE5501F452C4D0069978B /* Products */;
			projectDirPath = "";
			projectRoot = "";
			targets = (
				C5ACE54E1F452C4D0069978B /* BRCollectionViewDemo */,
			);
		};
/* End PBXProject section */

/* Begin PBXResourcesBuildPhase section */
		C5ACE54D1F452C4D0069978B /* Resources */ = {
			isa = PBXResourcesBuildPhase;
			buildActionMask = 2147483647;
			files = (
				C5ACE5621F452C4D0069978B /* LaunchScreen.storyboard in Resources */,
				C5ACE55F1F452C4D0069978B /* Assets.xcassets in Resources */,
				C5ACE55D1F452C4D0069978B /* Main.storyboard in Resources */,
			);
			runOnlyForDeploymentPostprocessing = 0;
		};
/* End PBXResourcesBuildPhase section */

/* Begin PBXSourcesBuildPhase section */
		C5ACE54B1F452C4D0069978B /* Sources */ = {
			isa = PBXSourcesBuildPhase;
			buildActionMask = 2147483647;
			files = (
				C5ACE56F1F452C9F0069978B /* BRCirclePickerView.m in Sources */,
				C5ACE55A1F452C4D0069978B /* ViewController.m in Sources */,
				C5ACE5571F452C4D0069978B /* AppDelegate.m in Sources */,
				C5ACE5541F452C4D0069978B /* main.m in Sources */,
				C59E14C41FF29B2700EC7B7D /* NSData+BRAdd.m in Sources */,
				C5ACE56E1F452C9F0069978B /* BRCircleLayout.m in Sources */,
			);
			runOnlyForDeploymentPostprocessing = 0;
		};
/* End PBXSourcesBuildPhase section */

/* Begin PBXVariantGroup section */
		C5ACE55B1F452C4D0069978B /* Main.storyboard */ = {
			isa = PBXVariantGroup;
			children = (
				C5ACE55C1F452C4D0069978B /* Base */,
			);
			name = Main.storyboard;
			sourceTree = "<group>";
		};
		C5ACE5601F452C4D0069978B /* LaunchScreen.storyboard */ = {
			isa = PBXVariantGroup;
			children = (
				C5ACE5611F452C4D0069978B /* Base */,
			);
			name = LaunchScreen.storyboard;
			sourceTree = "<group>";
		};
/* End PBXVariantGroup section */

/* Begin XCBuildConfiguration section */
		C5ACE5641F452C4D0069978B /* Debug */ = {
			isa = XCBuildConfiguration;
			buildSettings = {
				ALWAYS_SEARCH_USER_PATHS = NO;
				CLANG_ANALYZER_NONNULL = YES;
				CLANG_ANALYZER_NUMBER_OBJECT_CONVERSION = YES_AGGRESSIVE;
				CLANG_CXX_LANGUAGE_STANDARD = "gnu++0x";
				CLANG_CXX_LIBRARY = "libc++";
				CLANG_ENABLE_MODULES = YES;
				CLANG_ENABLE_OBJC_ARC = YES;
				CLANG_WARN_BOOL_CONVERSION = YES;
				CLANG_WARN_CONSTANT_CONVERSION = YES;
				CLANG_WARN_DIRECT_OBJC_ISA_USAGE = YES_ERROR;
				CLANG_WARN_DOCUMENTATION_COMMENTS = YES;
				CLANG_WARN_EMPTY_BODY = YES;
				CLANG_WARN_ENUM_CONVERSION = YES;
				CLANG_WARN_INFINITE_RECURSION = YES;
				CLANG_WARN_INT_CONVERSION = YES;
				CLANG_WARN_OBJC_ROOT_CLASS = YES_ERROR;
				CLANG_WARN_SUSPICIOUS_MOVE = YES;
				CLANG_WARN_UNREACHABLE_CODE = YES;
				CLANG_WARN__DUPLICATE_METHOD_MATCH = YES;
				"CODE_SIGN_IDENTITY[sdk=iphoneos*]" = "iPhone Developer";
				COPY_PHASE_STRIP = NO;
				DEBUG_INFORMATION_FORMAT = dwarf;
				ENABLE_STRICT_OBJC_MSGSEND = YES;
				ENABLE_TESTABILITY = YES;
				GCC_C_LANGUAGE_STANDARD = gnu99;
				GCC_DYNAMIC_NO_PIC = NO;
				GCC_NO_COMMON_BLOCKS = YES;
				GCC_OPTIMIZATION_LEVEL = 0;
				GCC_PREPROCESSOR_DEFINITIONS = (
					"DEBUG=1",
					"$(inherited)",
				);
				GCC_WARN_64_TO_32_BIT_CONVERSION = YES;
				GCC_WARN_ABOUT_RETURN_TYPE = YES_ERROR;
				GCC_WARN_UNDECLARED_SELECTOR = YES;
				GCC_WARN_UNINITIALIZED_AUTOS = YES_AGGRESSIVE;
				GCC_WARN_UNUSED_FUNCTION = YES;
				GCC_WARN_UNUSED_VARIABLE = YES;
				IPHONEOS_DEPLOYMENT_TARGET = 10.3;
				MTL_ENABLE_DEBUG_INFO = YES;
				ONLY_ACTIVE_ARCH = YES;
				SDKROOT = iphoneos;
			};
			name = Debug;
		};
		C5ACE5651F452C4D0069978B /* Release */ = {
			isa = XCBuildConfiguration;
			buildSettings = {
				ALWAYS_SEARCH_USER_PATHS = NO;
				CLANG_ANALYZER_NONNULL = YES;
				CLANG_ANALYZER_NUMBER_OBJECT_CONVERSION = YES_AGGRESSIVE;
				CLANG_CXX_LANGUAGE_STANDARD = "gnu++0x";
				CLANG_CXX_LIBRARY = "libc++";
				CLANG_ENABLE_MODULES = YES;
				CLANG_ENABLE_OBJC_ARC = YES;
				CLANG_WARN_BOOL_CONVERSION = YES;
				CLANG_WARN_CONSTANT_CONVERSION = YES;
				CLANG_WARN_DIRECT_OBJC_ISA_USAGE = YES_ERROR;
				CLANG_WARN_DOCUMENTATION_COMMENTS = YES;
				CLANG_WARN_EMPTY_BODY = YES;
				CLANG_WARN_ENUM_CONVERSION = YES;
				CLANG_WARN_INFINITE_RECURSION = YES;
				CLANG_WARN_INT_CONVERSION = YES;
				CLANG_WARN_OBJC_ROOT_CLASS = YES_ERROR;
				CLANG_WARN_SUSPICIOUS_MOVE = YES;
				CLANG_WARN_UNREACHABLE_CODE = YES;
				CLANG_WARN__DUPLICATE_METHOD_MATCH = YES;
				"CODE_SIGN_IDENTITY[sdk=iphoneos*]" = "iPhone Developer";
				COPY_PHASE_STRIP = NO;
				DEBUG_INFORMATION_FORMAT = "dwarf-with-dsym";
				ENABLE_NS_ASSERTIONS = NO;
				ENABLE_STRICT_OBJC_MSGSEND = YES;
				GCC_C_LANGUAGE_STANDARD = gnu99;
				GCC_NO_COMMON_BLOCKS = YES;
				GCC_WARN_64_TO_32_BIT_CONVERSION = YES;
				GCC_WARN_ABOUT_RETURN_TYPE = YES_ERROR;
				GCC_WARN_UNDECLARED_SELECTOR = YES;
				GCC_WARN_UNINITIALIZED_AUTOS = YES_AGGRESSIVE;
				GCC_WARN_UNUSED_FUNCTION = YES;
				GCC_WARN_UNUSED_VARIABLE = YES;
				IPHONEOS_DEPLOYMENT_TARGET = 10.3;
				MTL_ENABLE_DEBUG_INFO = NO;
				SDKROOT = iphoneos;
				VALIDATE_PRODUCT = YES;
			};
			name = Release;
		};
		C5ACE5671F452C4D0069978B /* Debug */ = {
			isa = XCBuildConfiguration;
			buildSettings = {
				ASSETCATALOG_COMPILER_APPICON_NAME = AppIcon;
				GCC_PREFIX_HEADER = "$(PRODUCT_NAME)/PrefixHeader.pch";
				INFOPLIST_FILE = BRCollectionViewDemo/Info.plist;
				LD_RUNPATH_SEARCH_PATHS = "$(inherited) @executable_path/Frameworks";
				PRODUCT_BUNDLE_IDENTIFIER = com.renb.BRCollectionViewDemo;
				PRODUCT_NAME = "$(TARGET_NAME)";
			};
			name = Debug;
		};
		C5ACE5681F452C4D0069978B /* Release */ = {
			isa = XCBuildConfiguration;
			buildSettings = {
				ASSETCATALOG_COMPILER_APPICON_NAME = AppIcon;
				GCC_PREFIX_HEADER = "$(PRODUCT_NAME)/PrefixHeader.pch";
				INFOPLIST_FILE = BRCollectionViewDemo/Info.plist;
				LD_RUNPATH_SEARCH_PATHS = "$(inherited) @executable_path/Frameworks";
				PRODUCT_BUNDLE_IDENTIFIER = com.renb.BRCollectionViewDemo;
				PRODUCT_NAME = "$(TARGET_NAME)";
			};
			name = Release;
		};
/* End XCBuildConfiguration section */

/* Begin XCConfigurationList section */
		C5ACE54A1F452C4D0069978B /* Build configuration list for PBXProject "BRCollectionViewDemo" */ = {
			isa = XCConfigurationList;
			buildConfigurations = (
				C5ACE5641F452C4D0069978B /* Debug */,
				C5ACE5651F452C4D0069978B /* Release */,
			);
			defaultConfigurationIsVisible = 0;
			defaultConfigurationName = Release;
		};
		C5ACE5661F452C4D0069978B /* Build configuration list for PBXNativeTarget "BRCollectionViewDemo" */ = {
			isa = XCConfigurationList;
			buildConfigurations = (
				C5ACE5671F452C4D0069978B /* Debug */,
				C5ACE5681F452C4D0069978B /* Release */,
			);
			defaultConfigurationIsVisible = 0;
			defaultConfigurationName = Release;
		};
/* End XCConfigurationList section */
	};
	rootObject = C5ACE5471F452C4D0069978B /* Project object */;
}
